{
  "name": "dom",
  "version": "1.0.0",
  "lockfileVersion": 1,
  "requires": true,
  "dependencies": {
    "@proxtx/html": {
      "version": "1.0.4",
      "resolved": "https://registry.npmjs.org/@proxtx/html/-/html-1.0.4.tgz",
      "integrity": "sha512-F7BQgWbM4h+f3OiMvEqhLdaOfNMyf0oBow4kqf6mWUoKuWSezRbbd1glCQZHgCTtAp2V3UbQ0OQjkzy70KFZeQ=="
    },
    "@proxtx/watcher": {
      "version": "1.0.4",
      "resolved": "https://registry.npmjs.org/@proxtx/watcher/-/watcher-1.0.4.tgz",
      "integrity": "sha512-dsNH1lnNew5mEYSnJGyIdd3YoKJSeHTvsCukDsx3QLAXC2fswRm68eBq8q6PLT4snoqSg0P6hYzg718nbVCHqQ=="
    }
  }
}
