{
  "name": "@proxtx/dom",
  "version": "1.0.2",
  "lockfileVersion": 1,
  "requires": true,
  "dependencies": {
    "@proxtx/html": {
      "version": "1.0.5",
      "resolved": "https://registry.npmjs.org/@proxtx/html/-/html-1.0.5.tgz",
      "integrity": "sha512-kvgKkjNwIEsM+otB7WVq3TdI+5g01wUzgmbj4TzcLGb/BLpObK4XmlvdWCI7EYgrrDGj6JKgVUx1Xo3cb0+tRg=="
    },
    "@proxtx/watcher": {
      "version": "1.0.5",
      "resolved": "https://registry.npmjs.org/@proxtx/watcher/-/watcher-1.0.5.tgz",
      "integrity": "sha512-CvHCEk0f9ZsDtgux9ZmVDctja7NZh3raaD+Yt1J8ObFDZh+/maQ8P0dsTrlh1rDATlyex3MnrhpDO4pYa+gOHQ=="
    }
  }
}
