{
  "name": "@proxtx/dom",
  "version": "1.1.1",
  "lockfileVersion": 1,
  "requires": true,
  "dependencies": {
    "@proxtx/html": {
      "version": "1.0.5",
      "resolved": "https://registry.npmjs.org/@proxtx/html/-/html-1.0.5.tgz",
      "integrity": "sha512-kvgKkjNwIEsM+otB7WVq3TdI+5g01wUzgmbj4TzcLGb/BLpObK4XmlvdWCI7EYgrrDGj6JKgVUx1Xo3cb0+tRg=="
    },
    "@proxtx/watcher": {
      "version": "1.0.7",
      "resolved": "https://registry.npmjs.org/@proxtx/watcher/-/watcher-1.0.7.tgz",
      "integrity": "sha512-+ANiPE4G/5CHMJ05uYA6CsBrp1+2NJqlhmPFgqY5s303goEvDEe0+piFzqgkWa5pgH6cu41YGiVXU+VqKt3Deg=="
    }
  }
}
